
Microsoft Visual Studio Solution File, Format Version 12.00
# Visual Studio Version 16
VisualStudioVersion = 16.0.30517.126
MinimumVisualStudioVersion = 10.0.40219.1
Project("{FAE04EC0-301F-11D3-BF4B-00C04F79EFBC}") = "OPChallenges", "OPChallenges\OPChallenges.csproj", "{C9CE6E53-81D2-47F0-A00D-4223892BC7D4}"
EndProject
Project("{FAE04EC0-301F-11D3-BF4B-00C04F79EFBC}") = "Car", "Car\Car.csproj", "{86AB37E6-89D1-408E-B657-E332C2D47D49}"
EndProject
Global
	GlobalSection(SolutionConfigurationPlatforms) = preSolution
		Debug|Any CPU = Debug|Any CPU
		Release|Any CPU = Release|Any CPU
	EndGlobalSection
	GlobalSection(ProjectConfigurationPlatforms) = postSolution
		{C9CE6E53-81D2-47F0-A00D-4223892BC7D4}.Debug|Any CPU.ActiveCfg = Debug|Any CPU
		{C9CE6E53-81D2-47F0-A00D-4223892BC7D4}.Debug|Any CPU.Build.0 = Debug|Any CPU
		{C9CE6E53-81D2-47F0-A00D-4223892BC7D4}.Release|Any CPU.ActiveCfg = Release|Any CPU
		{C9CE6E53-81D2-47F0-A00D-4223892BC7D4}.Release|Any CPU.Build.0 = Release|Any CPU
		{86AB37E6-89D1-408E-B657-E332C2D47D49}.Debug|Any CPU.ActiveCfg = Debug|Any CPU
		{86AB37E6-89D1-408E-B657-E332C2D47D49}.Debug|Any CPU.Build.0 = Debug|Any CPU
		{86AB37E6-89D1-408E-B657-E332C2D47D49}.Release|Any CPU.ActiveCfg = Release|Any CPU
		{86AB37E6-89D1-408E-B657-E332C2D47D49}.Release|Any CPU.Build.0 = Release|Any CPU
	EndGlobalSection
	GlobalSection(SolutionProperties) = preSolution
		HideSolutionNode = FALSE
	EndGlobalSection
	GlobalSection(ExtensibilityGlobals) = postSolution
		SolutionGuid = {C713121C-547D-476D-AA8B-68F45B3F014C}
	EndGlobalSection
EndGlobal
